
Microsoft Visual Studio Solution File, Format Version 12.00
# Visual Studio Version 16
VisualStudioVersion = 16.0.31005.135
MinimumVisualStudioVersion = 10.0.40219.1
Project("{159641D6-6404-4A2A-AE62-294DE0FE8301}") = "PruebaGit", "PruebaGit.dtproj", "{028730E7-662B-464F-AE74-258EC24AF9E7}"
EndProject
Global
	GlobalSection(SolutionConfigurationPlatforms) = preSolution
		Development|Default = Development|Default
	EndGlobalSection
	GlobalSection(ProjectConfigurationPlatforms) = postSolution
		{028730E7-662B-464F-AE74-258EC24AF9E7}.Development|Default.ActiveCfg = Development
		{028730E7-662B-464F-AE74-258EC24AF9E7}.Development|Default.Build.0 = Development
	EndGlobalSection
	GlobalSection(SolutionProperties) = preSolution
		HideSolutionNode = FALSE
	EndGlobalSection
	GlobalSection(ExtensibilityGlobals) = postSolution
		SolutionGuid = {2778A9BA-42A8-4763-9955-B354F742CFC9}
	EndGlobalSection
EndGlobal
